<?xml version="1.0" encoding="utf-8"?>
<Project ToolsVersion="4.0" xmlns="http://schemas.microsoft.com/developer/msbuild/2003">
  <ItemGroup>
    <Filter Include="Source Files">
      <UniqueIdentifier>{4FC737F1-C7A5-4376-A066-2A32D752A2FF}</UniqueIdentifier>
      <Extensions>cpp;c;cc;cxx;def;odl;idl;hpj;bat;asm;asmx</Extensions>
    </Filter>
    <Filter Include="Header Files">
      <UniqueIdentifier>{93995380-89BD-4b04-88EB-625FBE52EBFB}</UniqueIdentifier>
      <Extensions>h;hh;hpp;hxx;hm;inl;inc;xsd</Extensions>
    </Filter>
    <Filter Include="Resource Files">
      <UniqueIdentifier>{67DA6AB6-F800-4c08-8B7A-83BB121AAD01}</UniqueIdentifier>
      <Extensions>rc;ico;cur;bmp;dlg;rc2;rct;bin;rgs;gif;jpg;jpeg;jpe;resx;tiff;tif;png;wav;mfcribbon-ms</Extensions>
    </Filter>
    <Filter Include="Header Files\Graphics">
      <UniqueIdentifier>{681b1941-1db6-41bf-86a6-97e18987582f}</UniqueIdentifier>
    </Filter>
    <Filter Include="Header Files\Util">
      <UniqueIdentifier>{ed36ebdd-d088-47de-acaa-22725e9c5a2b}</UniqueIdentifier>
    </Filter>
    <Filter Include="Source Files\Graphics">
      <UniqueIdentifier>{849eb6f5-d3b2-4127-b410-e85bb3b7eb8f}</UniqueIdentifier>
    </Filter>
    <Filter Include="Source Files\Util">
      <UniqueIdentifier>{418e0a21-f09c-456c-b768-5cdea70b1cd0}</UniqueIdentifier>
    </Filter>
    <Filter Include="Header Files\Components">
      <UniqueIdentifier>{36cbdf9b-cda4-4dc2-8adf-9005c283eab9}</UniqueIdentifier>
    </Filter>
    <Filter Include="Source Files\Components">
      <UniqueIdentifier>{4a55b0e7-3067-4ae9-9c02-61cc430ef6ad}</UniqueIdentifier>
    </Filter>
    <Filter Include="Source Files\Lib">
      <UniqueIdentifier>{9016ba20-5f19-48cc-9826-fd3b1c58a406}</UniqueIdentifier>
    </Filter>
    <Filter Include="Header Files\Lib">
      <UniqueIdentifier>{d59cc21f-c7b2-436d-9b01-4c4b74ec6d6c}</UniqueIdentifier>
    </Filter>
  </ItemGroup>
  <ItemGroup>
    <ClCompile Include="main.cpp">
      <Filter>Source Files</Filter>
    </ClCompile>
    <ClCompile Include="MorpheusWindow.cpp">
      <Filter>Source Files\Graphics</Filter>
    </ClCompile>
    <ClCompile Include="MorpheusShader.cpp">
      <Filter>Source Files\Graphics</Filter>
    </ClCompile>
    <ClCompile Include="MorpheusConfiguration.cpp">
      <Filter>Source Files\Util</Filter>
    </ClCompile>
    <ClCompile Include="MorpheusError.cpp">
      <Filter>Source Files\Util</Filter>
    </ClCompile>
    <ClCompile Include="MorpheusKeys.cpp">
      <Filter>Source Files\Util</Filter>
    </ClCompile>
    <ClCompile Include="MorpheusTime.cpp">
      <Filter>Source Files\Util</Filter>
    </ClCompile>
    <ClCompile Include="MorpheusCamera.cpp">
      <Filter>Source Files\Graphics</Filter>
    </ClCompile>
    <ClCompile Include="MorpheusModel.cpp">
      <Filter>Source Files\Components</Filter>
    </ClCompile>
    <ClCompile Include="MorpheusTransform.cpp">
      <Filter>Source Files\Components</Filter>
    </ClCompile>
    <ClCompile Include="MorpheusGameObject.cpp">
      <Filter>Source Files\Components</Filter>
    </ClCompile>
    <ClCompile Include="MorpheusResourceManager.cpp">
      <Filter>Source Files\Util</Filter>
    </ClCompile>
    <ClCompile Include="lodepng.cpp">
      <Filter>Source Files\Lib</Filter>
    </ClCompile>
    <ClCompile Include="MorpheusTexture.cpp">
      <Filter>Source Files\Components</Filter>
    </ClCompile>
    <ClCompile Include="MorpheusNoise.cpp">
      <Filter>Source Files\Util</Filter>
    </ClCompile>
    <ClCompile Include="MorpheusVoxelMap.cpp">
      <Filter>Source Files\Util</Filter>
    </ClCompile>
  </ItemGroup>
  <ItemGroup>
    <ClInclude Include="MorpheusShader.h">
      <Filter>Header Files\Graphics</Filter>
    </ClInclude>
    <ClInclude Include="MorpheusCamera.h">
      <Filter>Header Files\Graphics</Filter>
    </ClInclude>
    <ClInclude Include="MorpheusTime.h">
      <Filter>Header Files\Util</Filter>
    </ClInclude>
    <ClInclude Include="MorpheusKeys.h">
      <Filter>Header Files\Util</Filter>
    </ClInclude>
    <ClInclude Include="MorpheusError.h">
      <Filter>Header Files\Util</Filter>
    </ClInclude>
    <ClInclude Include="MorpheusConfiguration.h">
      <Filter>Header Files\Util</Filter>
    </ClInclude>
    <ClInclude Include="MorpheusWindow.h">
      <Filter>Header Files\Graphics</Filter>
    </ClInclude>
    <ClInclude Include="MorpheusModel.h">
      <Filter>Header Files\Components</Filter>
    </ClInclude>
    <ClInclude Include="MorpheusTransform.h">
      <Filter>Header Files\Components</Filter>
    </ClInclude>
    <ClInclude Include="MorpheusGameObject.h">
      <Filter>Header Files\Components</Filter>
    </ClInclude>
    <ClInclude Include="MorpheusResourceManager.h">
      <Filter>Header Files\Util</Filter>
    </ClInclude>
    <ClInclude Include="MorpheusTexture.h">
      <Filter>Header Files\Components</Filter>
    </ClInclude>
    <ClInclude Include="lodepng.h">
      <Filter>Header Files\Lib</Filter>
    </ClInclude>
    <ClInclude Include="MorpheusVoxelMap.h">
      <Filter>Header Files\Util</Filter>
    </ClInclude>
    <ClInclude Include="MorpheusNoise.h">
      <Filter>Header Files\Util</Filter>
    </ClInclude>
  </ItemGroup>
</Project>