<?xml version="1.0" encoding="utf-8"?>
<Project ToolsVersion="4.0" xmlns="http://schemas.microsoft.com/developer/msbuild/2003">
  <ItemGroup>
    <Filter Include="Source Files">
      <UniqueIdentifier>{4FC737F1-C7A5-4376-A066-2A32D752A2FF}</UniqueIdentifier>
      <Extensions>cpp;c;cc;cxx;def;odl;idl;hpj;bat;asm;asmx</Extensions>
    </Filter>
    <Filter Include="Header Files">
      <UniqueIdentifier>{93995380-89BD-4b04-88EB-625FBE52EBFB}</UniqueIdentifier>
      <Extensions>h;hh;hpp;hxx;hm;inl;inc;xsd</Extensions>
    </Filter>
    <Filter Include="Resource Files">
      <UniqueIdentifier>{67DA6AB6-F800-4c08-8B7A-83BB121AAD01}</UniqueIdentifier>
      <Extensions>rc;ico;cur;bmp;dlg;rc2;rct;bin;rgs;gif;jpg;jpeg;jpe;resx;tiff;tif;png;wav;mfcribbon-ms</Extensions>
    </Filter>
  </ItemGroup>
  <ItemGroup>
    <Text Include="ReadMe.txt" />
  </ItemGroup>
  <ItemGroup>
    <ClCompile Include="lodepng.cpp">
      <Filter>Source Files</Filter>
    </ClCompile>
    <ClCompile Include="main.cpp">
      <Filter>Source Files</Filter>
    </ClCompile>
    <ClCompile Include="nteCamera.cpp">
      <Filter>Source Files</Filter>
    </ClCompile>
    <ClCompile Include="nteConfiguration.cpp">
      <Filter>Source Files</Filter>
    </ClCompile>
    <ClCompile Include="nteError.cpp">
      <Filter>Source Files</Filter>
    </ClCompile>
    <ClCompile Include="nteGameObject.cpp">
      <Filter>Source Files</Filter>
    </ClCompile>
    <ClCompile Include="nteKeys.cpp">
      <Filter>Source Files</Filter>
    </ClCompile>
    <ClCompile Include="nteModel.cpp">
      <Filter>Source Files</Filter>
    </ClCompile>
    <ClCompile Include="nteNoise.cpp">
      <Filter>Source Files</Filter>
    </ClCompile>
    <ClCompile Include="nteResourceManager.cpp">
      <Filter>Source Files</Filter>
    </ClCompile>
    <ClCompile Include="nteShader.cpp">
      <Filter>Source Files</Filter>
    </ClCompile>
    <ClCompile Include="nteTexture.cpp">
      <Filter>Source Files</Filter>
    </ClCompile>
    <ClCompile Include="nteTime.cpp">
      <Filter>Source Files</Filter>
    </ClCompile>
    <ClCompile Include="nteTransform.cpp">
      <Filter>Source Files</Filter>
    </ClCompile>
    <ClCompile Include="nteVoxelMap.cpp">
      <Filter>Source Files</Filter>
    </ClCompile>
    <ClCompile Include="nteWindow.cpp">
      <Filter>Source Files</Filter>
    </ClCompile>
  </ItemGroup>
  <ItemGroup>
    <ClInclude Include="lodepng.h">
      <Filter>Header Files</Filter>
    </ClInclude>
    <ClInclude Include="nteTexture.h">
      <Filter>Header Files</Filter>
    </ClInclude>
    <ClInclude Include="nteShader.h">
      <Filter>Header Files</Filter>
    </ClInclude>
    <ClInclude Include="nteResourceManager.h">
      <Filter>Header Files</Filter>
    </ClInclude>
    <ClInclude Include="nteNoise.h">
      <Filter>Header Files</Filter>
    </ClInclude>
    <ClInclude Include="nteModel.h">
      <Filter>Header Files</Filter>
    </ClInclude>
    <ClInclude Include="nteKeys.h">
      <Filter>Header Files</Filter>
    </ClInclude>
    <ClInclude Include="nteGameObject.h">
      <Filter>Header Files</Filter>
    </ClInclude>
    <ClInclude Include="nteError.h">
      <Filter>Header Files</Filter>
    </ClInclude>
    <ClInclude Include="nteConfiguration.h">
      <Filter>Header Files</Filter>
    </ClInclude>
    <ClInclude Include="nteCamera.h">
      <Filter>Header Files</Filter>
    </ClInclude>
    <ClInclude Include="nteTime.h">
      <Filter>Header Files</Filter>
    </ClInclude>
    <ClInclude Include="nteTransform.h">
      <Filter>Header Files</Filter>
    </ClInclude>
    <ClInclude Include="nteVoxelMap.h">
      <Filter>Header Files</Filter>
    </ClInclude>
    <ClInclude Include="nteWindow.h">
      <Filter>Header Files</Filter>
    </ClInclude>
  </ItemGroup>
</Project>